
Microsoft Visual Studio Solution File, Format Version 12.00
# Visual Studio Version 17
VisualStudioVersion = 17.5.33516.290
MinimumVisualStudioVersion = 10.0.40219.1
Project("{FAE04EC0-301F-11D3-BF4B-00C04F79EFBC}") = "3OP03CONVERSORROUSSE", "3OP03CONVERSORROUSSE\3OP03CONVERSORROUSSE.csproj", "{BCF96974-7E28-487B-82E8-1A436D0A2039}"
EndProject
Global
	GlobalSection(SolutionConfigurationPlatforms) = preSolution
		Debug|Any CPU = Debug|Any CPU
		Release|Any CPU = Release|Any CPU
	EndGlobalSection
	GlobalSection(ProjectConfigurationPlatforms) = postSolution
		{BCF96974-7E28-487B-82E8-1A436D0A2039}.Debug|Any CPU.ActiveCfg = Debug|Any CPU
		{BCF96974-7E28-487B-82E8-1A436D0A2039}.Debug|Any CPU.Build.0 = Debug|Any CPU
		{BCF96974-7E28-487B-82E8-1A436D0A2039}.Release|Any CPU.ActiveCfg = Release|Any CPU
		{BCF96974-7E28-487B-82E8-1A436D0A2039}.Release|Any CPU.Build.0 = Release|Any CPU
	EndGlobalSection
	GlobalSection(SolutionProperties) = preSolution
		HideSolutionNode = FALSE
	EndGlobalSection
	GlobalSection(ExtensibilityGlobals) = postSolution
		SolutionGuid = {9DFE3482-F392-45B1-9F73-11A68260C6D9}
	EndGlobalSection
EndGlobal
